// !$*UTF8*$!
{
	archiveVersion = 1;
	classes = {
	};
	objectVersion = 46;
	objects = {

/* Begin PBXBuildFile section */
		A3425D951D08D2CC002C6FF8 /* AppDelegate.swift in Sources */ = {isa = PBXBuildFile; fileRef = A3425D941D08D2CC002C6FF8 /* AppDelegate.swift */; };
		A3425D971D08D2CC002C6FF8 /* ViewController.swift in Sources */ = {isa = PBXBuildFile; fileRef = A3425D961D08D2CC002C6FF8 /* ViewController.swift */; };
		A3425D9A1D08D2CC002C6FF8 /* Main.storyboard in Resources */ = {isa = PBXBuildFile; fileRef = A3425D981D08D2CC002C6FF8 /* Main.storyboard */; };
		A3425D9C1D08D2CC002C6FF8 /* Assets.xcassets in Resources */ = {isa = PBXBuildFile; fileRef = A3425D9B1D08D2CC002C6FF8 /* Assets.xcassets */; };
		A3425D9F1D08D2CC002C6FF8 /* LaunchScreen.storyboard in Resources */ = {isa = PBXBuildFile; fileRef = A3425D9D1D08D2CC002C6FF8 /* LaunchScreen.storyboard */; };
		A3425DAA1D08D2CC002C6FF8 /* MemeMe_v1_0Tests.swift in Sources */ = {isa = PBXBuildFile; fileRef = A3425DA91D08D2CC002C6FF8 /* MemeMe_v1_0Tests.swift */; };
		A3425DB51D08D2CC002C6FF8 /* MemeMe_v1_0UITests.swift in Sources */ = {isa = PBXBuildFile; fileRef = A3425DB41D08D2CC002C6FF8 /* MemeMe_v1_0UITests.swift */; };
		A3425DC31D08D303002C6FF8 /* Meme.swift in Sources */ = {isa = PBXBuildFile; fileRef = A3425DC21D08D303002C6FF8 /* Meme.swift */; };
/* End PBXBuildFile section */

/* Begin PBXContainerItemProxy section */
		A3425DA61D08D2CC002C6FF8 /* PBXContainerItemProxy */ = {
			isa = PBXContainerItemProxy;
			containerPortal = A3425D891D08D2CC002C6FF8 /* Project object */;
			proxyType = 1;
			remoteGlobalIDString = A3425D901D08D2CC002C6FF8;
			remoteInfo = MemeMe_v1.0;
		};
		A3425DB11D08D2CC002C6FF8 /* PBXContainerItemProxy */ = {
			isa = PBXContainerItemProxy;
			containerPortal = A3425D891D08D2CC002C6FF8 /* Project object */;
			proxyType = 1;
			remoteGlobalIDString = A3425D901D08D2CC002C6FF8;
			remoteInfo = MemeMe_v1.0;
		};
/* End PBXContainerItemProxy section */

/* Begin PBXFileReference section */
		A3425D911D08D2CC002C6FF8 /* MemeMe_v1.0.app */ = {isa = PBXFileReference; explicitFileType = wrapper.application; includeInIndex = 0; path = MemeMe_v1.0.app; sourceTree = BUILT_PRODUCTS_DIR; };
		A3425D941D08D2CC002C6FF8 /* AppDelegate.swift */ = {isa = PBXFileReference; lastKnownFileType = sourcecode.swift; path = AppDelegate.swift; sourceTree = "<group>"; };
		A3425D961D08D2CC002C6FF8 /* ViewController.swift */ = {isa = PBXFileReference; lastKnownFileType = sourcecode.swift; path = ViewController.swift; sourceTree = "<group>"; };
		A3425D991D08D2CC002C6FF8 /* Base */ = {isa = PBXFileReference; lastKnownFileType = file.storyboard; name = Base; path = Base.lproj/Main.storyboard; sourceTree = "<group>"; };
		A3425D9B1D08D2CC002C6FF8 /* Assets.xcassets */ = {isa = PBXFileReference; lastKnownFileType = folder.assetcatalog; path = Assets.xcassets; sourceTree = "<group>"; };
		A3425D9E1D08D2CC002C6FF8 /* Base */ = {isa = PBXFileReference; lastKnownFileType = file.storyboard; name = Base; path = Base.lproj/LaunchScreen.storyboard; sourceTree = "<group>"; };
		A3425DA01D08D2CC002C6FF8 /* Info.plist */ = {isa = PBXFileReference; lastKnownFileType = text.plist.xml; path = Info.plist; sourceTree = "<group>"; };
		A3425DA51D08D2CC002C6FF8 /* MemeMe_v1.0Tests.xctest */ = {isa = PBXFileReference; explicitFileType = wrapper.cfbundle; includeInIndex = 0; path = MemeMe_v1.0Tests.xctest; sourceTree = BUILT_PRODUCTS_DIR; };
		A3425DA91D08D2CC002C6FF8 /* MemeMe_v1_0Tests.swift */ = {isa = PBXFileReference; lastKnownFileType = sourcecode.swift; path = MemeMe_v1_0Tests.swift; sourceTree = "<group>"; };
		A3425DAB1D08D2CC002C6FF8 /* Info.plist */ = {isa = PBXFileReference; lastKnownFileType = text.plist.xml; path = Info.plist; sourceTree = "<group>"; };
		A3425DB01D08D2CC002C6FF8 /* MemeMe_v1.0UITests.xctest */ = {isa = PBXFileReference; explicitFileType = wrapper.cfbundle; includeInIndex = 0; path = MemeMe_v1.0UITests.xctest; sourceTree = BUILT_PRODUCTS_DIR; };
		A3425DB41D08D2CC002C6FF8 /* MemeMe_v1_0UITests.swift */ = {isa = PBXFileReference; lastKnownFileType = sourcecode.swift; path = MemeMe_v1_0UITests.swift; sourceTree = "<group>"; };
		A3425DB61D08D2CC002C6FF8 /* Info.plist */ = {isa = PBXFileReference; lastKnownFileType = text.plist.xml; path = Info.plist; sourceTree = "<group>"; };
		A3425DC21D08D303002C6FF8 /* Meme.swift */ = {isa = PBXFileReference; fileEncoding = 4; lastKnownFileType = sourcecode.swift; path = Meme.swift; sourceTree = "<group>"; };
/* End PBXFileReference section */

/* Begin PBXFrameworksBuildPhase section */
		A3425D8E1D08D2CC002C6FF8 /* Frameworks */ = {
			isa = PBXFrameworksBuildPhase;
			buildActionMask = 2147483647;
			files = (
			);
			runOnlyForDeploymentPostprocessing = 0;
		};
		A3425DA21D08D2CC002C6FF8 /* Frameworks */ = {
			isa = PBXFrameworksBuildPhase;
			buildActionMask = 2147483647;
			files = (
			);
			runOnlyForDeploymentPostprocessing = 0;
		};
		A3425DAD1D08D2CC002C6FF8 /* Frameworks */ = {
			isa = PBXFrameworksBuildPhase;
			buildActionMask = 2147483647;
			files = (
			);
			runOnlyForDeploymentPostprocessing = 0;
		};
/* End PBXFrameworksBuildPhase section */

/* Begin PBXGroup section */
		A3425D881D08D2CC002C6FF8 = {
			isa = PBXGroup;
			children = (
				A3425D931D08D2CC002C6FF8 /* MemeMe_v1.0 */,
				A3425DA81D08D2CC002C6FF8 /* MemeMe_v1.0Tests */,
				A3425DB31D08D2CC002C6FF8 /* MemeMe_v1.0UITests */,
				A3425D921D08D2CC002C6FF8 /* Products */,
			);
			sourceTree = "<group>";
		};
		A3425D921D08D2CC002C6FF8 /* Products */ = {
			isa = PBXGroup;
			children = (
				A3425D911D08D2CC002C6FF8 /* MemeMe_v1.0.app */,
				A3425DA51D08D2CC002C6FF8 /* MemeMe_v1.0Tests.xctest */,
				A3425DB01D08D2CC002C6FF8 /* MemeMe_v1.0UITests.xctest */,
			);
			name = Products;
			sourceTree = "<group>";
		};
		A3425D931D08D2CC002C6FF8 /* MemeMe_v1.0 */ = {
			isa = PBXGroup;
			children = (
				A3425D941D08D2CC002C6FF8 /* AppDelegate.swift */,
				A3425D961D08D2CC002C6FF8 /* ViewController.swift */,
				A3425D981D08D2CC002C6FF8 /* Main.storyboard */,
				A3425D9B1D08D2CC002C6FF8 /* Assets.xcassets */,
				A3425D9D1D08D2CC002C6FF8 /* LaunchScreen.storyboard */,
				A3425DA01D08D2CC002C6FF8 /* Info.plist */,
				A3425DC21D08D303002C6FF8 /* Meme.swift */,
			);
			path = MemeMe_v1.0;
			sourceTree = "<group>";
		};
		A3425DA81D08D2CC002C6FF8 /* MemeMe_v1.0Tests */ = {
			isa = PBXGroup;
			children = (
				A3425DA91D08D2CC002C6FF8 /* MemeMe_v1_0Tests.swift */,
				A3425DAB1D08D2CC002C6FF8 /* Info.plist */,
			);
			path = MemeMe_v1.0Tests;
			sourceTree = "<group>";
		};
		A3425DB31D08D2CC002C6FF8 /* MemeMe_v1.0UITests */ = {
			isa = PBXGroup;
			children = (
				A3425DB41D08D2CC002C6FF8 /* MemeMe_v1_0UITests.swift */,
				A3425DB61D08D2CC002C6FF8 /* Info.plist */,
			);
			path = MemeMe_v1.0UITests;
			sourceTree = "<group>";
		};
/* End PBXGroup section */

/* Begin PBXNativeTarget section */
		A3425D901D08D2CC002C6FF8 /* MemeMe_v1.0 */ = {
			isa = PBXNativeTarget;
			buildConfigurationList = A3425DB91D08D2CC002C6FF8 /* Build configuration list for PBXNativeTarget "MemeMe_v1.0" */;
			buildPhases = (
				A3425D8D1D08D2CC002C6FF8 /* Sources */,
				A3425D8E1D08D2CC002C6FF8 /* Frameworks */,
				A3425D8F1D08D2CC002C6FF8 /* Resources */,
			);
			buildRules = (
			);
			dependencies = (
			);
			name = MemeMe_v1.0;
			productName = MemeMe_v1.0;
			productReference = A3425D911D08D2CC002C6FF8 /* MemeMe_v1.0.app */;
			productType = "com.apple.product-type.application";
		};
		A3425DA41D08D2CC002C6FF8 /* MemeMe_v1.0Tests */ = {
			isa = PBXNativeTarget;
			buildConfigurationList = A3425DBC1D08D2CC002C6FF8 /* Build configuration list for PBXNativeTarget "MemeMe_v1.0Tests" */;
			buildPhases = (
				A3425DA11D08D2CC002C6FF8 /* Sources */,
				A3425DA21D08D2CC002C6FF8 /* Frameworks */,
				A3425DA31D08D2CC002C6FF8 /* Resources */,
			);
			buildRules = (
			);
			dependencies = (
				A3425DA71D08D2CC002C6FF8 /* PBXTargetDependency */,
			);
			name = MemeMe_v1.0Tests;
			productName = MemeMe_v1.0Tests;
			productReference = A3425DA51D08D2CC002C6FF8 /* MemeMe_v1.0Tests.xctest */;
			productType = "com.apple.product-type.bundle.unit-test";
		};
		A3425DAF1D08D2CC002C6FF8 /* MemeMe_v1.0UITests */ = {
			isa = PBXNativeTarget;
			buildConfigurationList = A3425DBF1D08D2CC002C6FF8 /* Build configuration list for PBXNativeTarget "MemeMe_v1.0UITests" */;
			buildPhases = (
				A3425DAC1D08D2CC002C6FF8 /* Sources */,
				A3425DAD1D08D2CC002C6FF8 /* Frameworks */,
				A3425DAE1D08D2CC002C6FF8 /* Resources */,
			);
			buildRules = (
			);
			dependencies = (
				A3425DB21D08D2CC002C6FF8 /* PBXTargetDependency */,
			);
			name = MemeMe_v1.0UITests;
			productName = MemeMe_v1.0UITests;
			productReference = A3425DB01D08D2CC002C6FF8 /* MemeMe_v1.0UITests.xctest */;
			productType = "com.apple.product-type.bundle.ui-testing";
		};
/* End PBXNativeTarget section */

/* Begin PBXProject section */
		A3425D891D08D2CC002C6FF8 /* Project object */ = {
			isa = PBXProject;
			attributes = {
				LastSwiftUpdateCheck = 0730;
				LastUpgradeCheck = 0730;
				ORGANIZATIONNAME = "Himanshu Pandey";
				TargetAttributes = {
					A3425D901D08D2CC002C6FF8 = {
						CreatedOnToolsVersion = 7.3.1;
					};
					A3425DA41D08D2CC002C6FF8 = {
						CreatedOnToolsVersion = 7.3.1;
						TestTargetID = A3425D901D08D2CC002C6FF8;
					};
					A3425DAF1D08D2CC002C6FF8 = {
						CreatedOnToolsVersion = 7.3.1;
						TestTargetID = A3425D901D08D2CC002C6FF8;
					};
				};
			};
			buildConfigurationList = A3425D8C1D08D2CC002C6FF8 /* Build configuration list for PBXProject "MemeMe_v1.0" */;
			compatibilityVersion = "Xcode 3.2";
			developmentRegion = English;
			hasScannedForEncodings = 0;
			knownRegions = (
				en,
				Base,
			);
			mainGroup = A3425D881D08D2CC002C6FF8;
			productRefGroup = A3425D921D08D2CC002C6FF8 /* Products */;
			projectDirPath = "";
			projectRoot = "";
			targets = (
				A3425D901D08D2CC002C6FF8 /* MemeMe_v1.0 */,
				A3425DA41D08D2CC002C6FF8 /* MemeMe_v1.0Tests */,
				A3425DAF1D08D2CC002C6FF8 /* MemeMe_v1.0UITests */,
			);
		};
/* End PBXProject section */

/* Begin PBXResourcesBuildPhase section */
		A3425D8F1D08D2CC002C6FF8 /* Resources */ = {
			isa = PBXResourcesBuildPhase;
			buildActionMask = 2147483647;
			files = (
				A3425D9F1D08D2CC002C6FF8 /* LaunchScreen.storyboard in Resources */,
				A3425D9C1D08D2CC002C6FF8 /* Assets.xcassets in Resources */,
				A3425D9A1D08D2CC002C6FF8 /* Main.storyboard in Resources */,
			);
			runOnlyForDeploymentPostprocessing = 0;
		};
		A3425DA31D08D2CC002C6FF8 /* Resources */ = {
			isa = PBXResourcesBuildPhase;
			buildActionMask = 2147483647;
			files = (
			);
			runOnlyForDeploymentPostprocessing = 0;
		};
		A3425DAE1D08D2CC002C6FF8 /* Resources */ = {
			isa = PBXResourcesBuildPhase;
			buildActionMask = 2147483647;
			files = (
			);
			runOnlyForDeploymentPostprocessing = 0;
		};
/* End PBXResourcesBuildPhase section */

/* Begin PBXSourcesBuildPhase section */
		A3425D8D1D08D2CC002C6FF8 /* Sources */ = {
			isa = PBXSourcesBuildPhase;
			buildActionMask = 2147483647;
			files = (
				A3425DC31D08D303002C6FF8 /* Meme.swift in Sources */,
				A3425D971D08D2CC002C6FF8 /* ViewController.swift in Sources */,
				A3425D951D08D2CC002C6FF8 /* AppDelegate.swift in Sources */,
			);
			runOnlyForDeploymentPostprocessing = 0;
		};
		A3425DA11D08D2CC002C6FF8 /* Sources */ = {
			isa = PBXSourcesBuildPhase;
			buildActionMask = 2147483647;
			files = (
				A3425DAA1D08D2CC002C6FF8 /* MemeMe_v1_0Tests.swift in Sources */,
			);
			runOnlyForDeploymentPostprocessing = 0;
		};
		A3425DAC1D08D2CC002C6FF8 /* Sources */ = {
			isa = PBXSourcesBuildPhase;
			buildActionMask = 2147483647;
			files = (
				A3425DB51D08D2CC002C6FF8 /* MemeMe_v1_0UITests.swift in Sources */,
			);
			runOnlyForDeploymentPostprocessing = 0;
		};
/* End PBXSourcesBuildPhase section */

/* Begin PBXTargetDependency section */
		A3425DA71D08D2CC002C6FF8 /* PBXTargetDependency */ = {
			isa = PBXTargetDependency;
			target = A3425D901D08D2CC002C6FF8 /* MemeMe_v1.0 */;
			targetProxy = A3425DA61D08D2CC002C6FF8 /* PBXContainerItemProxy */;
		};
		A3425DB21D08D2CC002C6FF8 /* PBXTargetDependency */ = {
			isa = PBXTargetDependency;
			target = A3425D901D08D2CC002C6FF8 /* MemeMe_v1.0 */;
			targetProxy = A3425DB11D08D2CC002C6FF8 /* PBXContainerItemProxy */;
		};
/* End PBXTargetDependency section */

/* Begin PBXVariantGroup section */
		A3425D981D08D2CC002C6FF8 /* Main.storyboard */ = {
			isa = PBXVariantGroup;
			children = (
				A3425D991D08D2CC002C6FF8 /* Base */,
			);
			name = Main.storyboard;
			sourceTree = "<group>";
		};
		A3425D9D1D08D2CC002C6FF8 /* LaunchScreen.storyboard */ = {
			isa = PBXVariantGroup;
			children = (
				A3425D9E1D08D2CC002C6FF8 /* Base */,
			);
			name = LaunchScreen.storyboard;
			sourceTree = "<group>";
		};
/* End PBXVariantGroup section */

/* Begin XCBuildConfiguration section */
		A3425DB71D08D2CC002C6FF8 /* Debug */ = {
			isa = XCBuildConfiguration;
			buildSettings = {
				ALWAYS_SEARCH_USER_PATHS = NO;
				CLANG_ANALYZER_NONNULL = YES;
				CLANG_CXX_LANGUAGE_STANDARD = "gnu++0x";
				CLANG_CXX_LIBRARY = "libc++";
				CLANG_ENABLE_MODULES = YES;
				CLANG_ENABLE_OBJC_ARC = YES;
				CLANG_WARN_BOOL_CONVERSION = YES;
				CLANG_WARN_CONSTANT_CONVERSION = YES;
				CLANG_WARN_DIRECT_OBJC_ISA_USAGE = YES_ERROR;
				CLANG_WARN_EMPTY_BODY = YES;
				CLANG_WARN_ENUM_CONVERSION = YES;
				CLANG_WARN_INT_CONVERSION = YES;
				CLANG_WARN_OBJC_ROOT_CLASS = YES_ERROR;
				CLANG_WARN_UNREACHABLE_CODE = YES;
				CLANG_WARN__DUPLICATE_METHOD_MATCH = YES;
				"CODE_SIGN_IDENTITY[sdk=iphoneos*]" = "iPhone Developer";
				COPY_PHASE_STRIP = NO;
				DEBUG_INFORMATION_FORMAT = dwarf;
				ENABLE_STRICT_OBJC_MSGSEND = YES;
				ENABLE_TESTABILITY = YES;
				GCC_C_LANGUAGE_STANDARD = gnu99;
				GCC_DYNAMIC_NO_PIC = NO;
				GCC_NO_COMMON_BLOCKS = YES;
				GCC_OPTIMIZATION_LEVEL = 0;
				GCC_PREPROCESSOR_DEFINITIONS = (
					"DEBUG=1",
					"$(inherited)",
				);
				GCC_WARN_64_TO_32_BIT_CONVERSION = YES;
				GCC_WARN_ABOUT_RETURN_TYPE = YES_ERROR;
				GCC_WARN_UNDECLARED_SELECTOR = YES;
				GCC_WARN_UNINITIALIZED_AUTOS = YES_AGGRESSIVE;
				GCC_WARN_UNUSED_FUNCTION = YES;
				GCC_WARN_UNUSED_VARIABLE = YES;
				IPHONEOS_DEPLOYMENT_TARGET = 9.3;
				MTL_ENABLE_DEBUG_INFO = YES;
				ONLY_ACTIVE_ARCH = YES;
				SDKROOT = iphoneos;
				SWIFT_OPTIMIZATION_LEVEL = "-Onone";
				TARGETED_DEVICE_FAMILY = "1,2";
			};
			name = Debug;
		};
		A3425DB81D08D2CC002C6FF8 /* Release */ = {
			isa = XCBuildConfiguration;
			buildSettings = {
				ALWAYS_SEARCH_USER_PATHS = NO;
				CLANG_ANALYZER_NONNULL = YES;
				CLANG_CXX_LANGUAGE_STANDARD = "gnu++0x";
				CLANG_CXX_LIBRARY = "libc++";
				CLANG_ENABLE_MODULES = YES;
				CLANG_ENABLE_OBJC_ARC = YES;
				CLANG_WARN_BOOL_CONVERSION = YES;
				CLANG_WARN_CONSTANT_CONVERSION = YES;
				CLANG_WARN_DIRECT_OBJC_ISA_USAGE = YES_ERROR;
				CLANG_WARN_EMPTY_BODY = YES;
				CLANG_WARN_ENUM_CONVERSION = YES;
				CLANG_WARN_INT_CONVERSION = YES;
				CLANG_WARN_OBJC_ROOT_CLASS = YES_ERROR;
				CLANG_WARN_UNREACHABLE_CODE = YES;
				CLANG_WARN__DUPLICATE_METHOD_MATCH = YES;
				"CODE_SIGN_IDENTITY[sdk=iphoneos*]" = "iPhone Developer";
				COPY_PHASE_STRIP = NO;
				DEBUG_INFORMATION_FORMAT = "dwarf-with-dsym";
				ENABLE_NS_ASSERTIONS = NO;
				ENABLE_STRICT_OBJC_MSGSEND = YES;
				GCC_C_LANGUAGE_STANDARD = gnu99;
				GCC_NO_COMMON_BLOCKS = YES;
				GCC_WARN_64_TO_32_BIT_CONVERSION = YES;
				GCC_WARN_ABOUT_RETURN_TYPE = YES_ERROR;
				GCC_WARN_UNDECLARED_SELECTOR = YES;
				GCC_WARN_UNINITIALIZED_AUTOS = YES_AGGRESSIVE;
				GCC_WARN_UNUSED_FUNCTION = YES;
				GCC_WARN_UNUSED_VARIABLE = YES;
				IPHONEOS_DEPLOYMENT_TARGET = 9.3;
				MTL_ENABLE_DEBUG_INFO = NO;
				SDKROOT = iphoneos;
				TARGETED_DEVICE_FAMILY = "1,2";
				VALIDATE_PRODUCT = YES;
			};
			name = Release;
		};
		A3425DBA1D08D2CC002C6FF8 /* Debug */ = {
			isa = XCBuildConfiguration;
			buildSettings = {
				ASSETCATALOG_COMPILER_APPICON_NAME = AppIcon;
				INFOPLIST_FILE = MemeMe_v1.0/Info.plist;
				LD_RUNPATH_SEARCH_PATHS = "$(inherited) @executable_path/Frameworks";
				PRODUCT_BUNDLE_IDENTIFIER = "CBI.MemeMe-v1-0";
				PRODUCT_NAME = "$(TARGET_NAME)";
			};
			name = Debug;
		};
		A3425DBB1D08D2CC002C6FF8 /* Release */ = {
			isa = XCBuildConfiguration;
			buildSettings = {
				ASSETCATALOG_COMPILER_APPICON_NAME = AppIcon;
				INFOPLIST_FILE = MemeMe_v1.0/Info.plist;
				LD_RUNPATH_SEARCH_PATHS = "$(inherited) @executable_path/Frameworks";
				PRODUCT_BUNDLE_IDENTIFIER = "CBI.MemeMe-v1-0";
				PRODUCT_NAME = "$(TARGET_NAME)";
			};
			name = Release;
		};
		A3425DBD1D08D2CC002C6FF8 /* Debug */ = {
			isa = XCBuildConfiguration;
			buildSettings = {
				BUNDLE_LOADER = "$(TEST_HOST)";
				INFOPLIST_FILE = MemeMe_v1.0Tests/Info.plist;
				LD_RUNPATH_SEARCH_PATHS = "$(inherited) @executable_path/Frameworks @loader_path/Frameworks";
				PRODUCT_BUNDLE_IDENTIFIER = "CBI.MemeMe-v1-0Tests";
				PRODUCT_NAME = "$(TARGET_NAME)";
				TEST_HOST = "$(BUILT_PRODUCTS_DIR)/MemeMe_v1.0.app/MemeMe_v1.0";
			};
			name = Debug;
		};
		A3425DBE1D08D2CC002C6FF8 /* Release */ = {
			isa = XCBuildConfiguration;
			buildSettings = {
				BUNDLE_LOADER = "$(TEST_HOST)";
				INFOPLIST_FILE = MemeMe_v1.0Tests/Info.plist;
				LD_RUNPATH_SEARCH_PATHS = "$(inherited) @executable_path/Frameworks @loader_path/Frameworks";
				PRODUCT_BUNDLE_IDENTIFIER = "CBI.MemeMe-v1-0Tests";
				PRODUCT_NAME = "$(TARGET_NAME)";
				TEST_HOST = "$(BUILT_PRODUCTS_DIR)/MemeMe_v1.0.app/MemeMe_v1.0";
			};
			name = Release;
		};
		A3425DC01D08D2CC002C6FF8 /* Debug */ = {
			isa = XCBuildConfiguration;
			buildSettings = {
				INFOPLIST_FILE = MemeMe_v1.0UITests/Info.plist;
				LD_RUNPATH_SEARCH_PATHS = "$(inherited) @executable_path/Frameworks @loader_path/Frameworks";
				PRODUCT_BUNDLE_IDENTIFIER = "CBI.MemeMe-v1-0UITests";
				PRODUCT_NAME = "$(TARGET_NAME)";
				TEST_TARGET_NAME = MemeMe_v1.0;
			};
			name = Debug;
		};
		A3425DC11D08D2CC002C6FF8 /* Release */ = {
			isa = XCBuildConfiguration;
			buildSettings = {
				INFOPLIST_FILE = MemeMe_v1.0UITests/Info.plist;
				LD_RUNPATH_SEARCH_PATHS = "$(inherited) @executable_path/Frameworks @loader_path/Frameworks";
				PRODUCT_BUNDLE_IDENTIFIER = "CBI.MemeMe-v1-0UITests";
				PRODUCT_NAME = "$(TARGET_NAME)";
				TEST_TARGET_NAME = MemeMe_v1.0;
			};
			name = Release;
		};
/* End XCBuildConfiguration section */

/* Begin XCConfigurationList section */
		A3425D8C1D08D2CC002C6FF8 /* Build configuration list for PBXProject "MemeMe_v1.0" */ = {
			isa = XCConfigurationList;
			buildConfigurations = (
				A3425DB71D08D2CC002C6FF8 /* Debug */,
				A3425DB81D08D2CC002C6FF8 /* Release */,
			);
			defaultConfigurationIsVisible = 0;
			defaultConfigurationName = Release;
		};
		A3425DB91D08D2CC002C6FF8 /* Build configuration list for PBXNativeTarget "MemeMe_v1.0" */ = {
			isa = XCConfigurationList;
			buildConfigurations = (
				A3425DBA1D08D2CC002C6FF8 /* Debug */,
				A3425DBB1D08D2CC002C6FF8 /* Release */,
			);
			defaultConfigurationIsVisible = 0;
		};
		A3425DBC1D08D2CC002C6FF8 /* Build configuration list for PBXNativeTarget "MemeMe_v1.0Tests" */ = {
			isa = XCConfigurationList;
			buildConfigurations = (
				A3425DBD1D08D2CC002C6FF8 /* Debug */,
				A3425DBE1D08D2CC002C6FF8 /* Release */,
			);
			defaultConfigurationIsVisible = 0;
		};
		A3425DBF1D08D2CC002C6FF8 /* Build configuration list for PBXNativeTarget "MemeMe_v1.0UITests" */ = {
			isa = XCConfigurationList;
			buildConfigurations = (
				A3425DC01D08D2CC002C6FF8 /* Debug */,
				A3425DC11D08D2CC002C6FF8 /* Release */,
			);
			defaultConfigurationIsVisible = 0;
		};
/* End XCConfigurationList section */
	};
	rootObject = A3425D891D08D2CC002C6FF8 /* Project object */;
}
