// !$*UTF8*$!
{
	archiveVersion = 1;
	classes = {
	};
	objectVersion = 46;
	objects = {

/* Begin PBXBuildFile section */
		A35053FF1CEBE0F200C540C0 /* AppDelegate.swift in Sources */ = {isa = PBXBuildFile; fileRef = A35053FE1CEBE0F200C540C0 /* AppDelegate.swift */; };
		A35054011CEBE0F200C540C0 /* ViewController.swift in Sources */ = {isa = PBXBuildFile; fileRef = A35054001CEBE0F200C540C0 /* ViewController.swift */; };
		A35054041CEBE0F200C540C0 /* Main.storyboard in Resources */ = {isa = PBXBuildFile; fileRef = A35054021CEBE0F200C540C0 /* Main.storyboard */; };
		A35054061CEBE0F200C540C0 /* Assets.xcassets in Resources */ = {isa = PBXBuildFile; fileRef = A35054051CEBE0F200C540C0 /* Assets.xcassets */; };
		A35054091CEBE0F200C540C0 /* LaunchScreen.storyboard in Resources */ = {isa = PBXBuildFile; fileRef = A35054071CEBE0F200C540C0 /* LaunchScreen.storyboard */; };
		A35054141CEBE0F200C540C0 /* ImagePickerTests.swift in Sources */ = {isa = PBXBuildFile; fileRef = A35054131CEBE0F200C540C0 /* ImagePickerTests.swift */; };
		A350541F1CEBE0F200C540C0 /* ImagePickerUITests.swift in Sources */ = {isa = PBXBuildFile; fileRef = A350541E1CEBE0F200C540C0 /* ImagePickerUITests.swift */; };
/* End PBXBuildFile section */

/* Begin PBXContainerItemProxy section */
		A35054101CEBE0F200C540C0 /* PBXContainerItemProxy */ = {
			isa = PBXContainerItemProxy;
			containerPortal = A35053F31CEBE0F100C540C0 /* Project object */;
			proxyType = 1;
			remoteGlobalIDString = A35053FA1CEBE0F100C540C0;
			remoteInfo = ImagePicker;
		};
		A350541B1CEBE0F200C540C0 /* PBXContainerItemProxy */ = {
			isa = PBXContainerItemProxy;
			containerPortal = A35053F31CEBE0F100C540C0 /* Project object */;
			proxyType = 1;
			remoteGlobalIDString = A35053FA1CEBE0F100C540C0;
			remoteInfo = ImagePicker;
		};
/* End PBXContainerItemProxy section */

/* Begin PBXFileReference section */
		A35053FB1CEBE0F100C540C0 /* ImagePicker.app */ = {isa = PBXFileReference; explicitFileType = wrapper.application; includeInIndex = 0; path = ImagePicker.app; sourceTree = BUILT_PRODUCTS_DIR; };
		A35053FE1CEBE0F200C540C0 /* AppDelegate.swift */ = {isa = PBXFileReference; lastKnownFileType = sourcecode.swift; path = AppDelegate.swift; sourceTree = "<group>"; };
		A35054001CEBE0F200C540C0 /* ViewController.swift */ = {isa = PBXFileReference; lastKnownFileType = sourcecode.swift; path = ViewController.swift; sourceTree = "<group>"; };
		A35054031CEBE0F200C540C0 /* Base */ = {isa = PBXFileReference; lastKnownFileType = file.storyboard; name = Base; path = Base.lproj/Main.storyboard; sourceTree = "<group>"; };
		A35054051CEBE0F200C540C0 /* Assets.xcassets */ = {isa = PBXFileReference; lastKnownFileType = folder.assetcatalog; path = Assets.xcassets; sourceTree = "<group>"; };
		A35054081CEBE0F200C540C0 /* Base */ = {isa = PBXFileReference; lastKnownFileType = file.storyboard; name = Base; path = Base.lproj/LaunchScreen.storyboard; sourceTree = "<group>"; };
		A350540A1CEBE0F200C540C0 /* Info.plist */ = {isa = PBXFileReference; lastKnownFileType = text.plist.xml; path = Info.plist; sourceTree = "<group>"; };
		A350540F1CEBE0F200C540C0 /* ImagePickerTests.xctest */ = {isa = PBXFileReference; explicitFileType = wrapper.cfbundle; includeInIndex = 0; path = ImagePickerTests.xctest; sourceTree = BUILT_PRODUCTS_DIR; };
		A35054131CEBE0F200C540C0 /* ImagePickerTests.swift */ = {isa = PBXFileReference; lastKnownFileType = sourcecode.swift; path = ImagePickerTests.swift; sourceTree = "<group>"; };
		A35054151CEBE0F200C540C0 /* Info.plist */ = {isa = PBXFileReference; lastKnownFileType = text.plist.xml; path = Info.plist; sourceTree = "<group>"; };
		A350541A1CEBE0F200C540C0 /* ImagePickerUITests.xctest */ = {isa = PBXFileReference; explicitFileType = wrapper.cfbundle; includeInIndex = 0; path = ImagePickerUITests.xctest; sourceTree = BUILT_PRODUCTS_DIR; };
		A350541E1CEBE0F200C540C0 /* ImagePickerUITests.swift */ = {isa = PBXFileReference; lastKnownFileType = sourcecode.swift; path = ImagePickerUITests.swift; sourceTree = "<group>"; };
		A35054201CEBE0F200C540C0 /* Info.plist */ = {isa = PBXFileReference; lastKnownFileType = text.plist.xml; path = Info.plist; sourceTree = "<group>"; };
/* End PBXFileReference section */

/* Begin PBXFrameworksBuildPhase section */
		A35053F81CEBE0F100C540C0 /* Frameworks */ = {
			isa = PBXFrameworksBuildPhase;
			buildActionMask = 2147483647;
			files = (
			);
			runOnlyForDeploymentPostprocessing = 0;
		};
		A350540C1CEBE0F200C540C0 /* Frameworks */ = {
			isa = PBXFrameworksBuildPhase;
			buildActionMask = 2147483647;
			files = (
			);
			runOnlyForDeploymentPostprocessing = 0;
		};
		A35054171CEBE0F200C540C0 /* Frameworks */ = {
			isa = PBXFrameworksBuildPhase;
			buildActionMask = 2147483647;
			files = (
			);
			runOnlyForDeploymentPostprocessing = 0;
		};
/* End PBXFrameworksBuildPhase section */

/* Begin PBXGroup section */
		A35053F21CEBE0F100C540C0 = {
			isa = PBXGroup;
			children = (
				A35053FD1CEBE0F200C540C0 /* ImagePicker */,
				A35054121CEBE0F200C540C0 /* ImagePickerTests */,
				A350541D1CEBE0F200C540C0 /* ImagePickerUITests */,
				A35053FC1CEBE0F100C540C0 /* Products */,
			);
			sourceTree = "<group>";
		};
		A35053FC1CEBE0F100C540C0 /* Products */ = {
			isa = PBXGroup;
			children = (
				A35053FB1CEBE0F100C540C0 /* ImagePicker.app */,
				A350540F1CEBE0F200C540C0 /* ImagePickerTests.xctest */,
				A350541A1CEBE0F200C540C0 /* ImagePickerUITests.xctest */,
			);
			name = Products;
			sourceTree = "<group>";
		};
		A35053FD1CEBE0F200C540C0 /* ImagePicker */ = {
			isa = PBXGroup;
			children = (
				A35053FE1CEBE0F200C540C0 /* AppDelegate.swift */,
				A35054001CEBE0F200C540C0 /* ViewController.swift */,
				A35054021CEBE0F200C540C0 /* Main.storyboard */,
				A35054051CEBE0F200C540C0 /* Assets.xcassets */,
				A35054071CEBE0F200C540C0 /* LaunchScreen.storyboard */,
				A350540A1CEBE0F200C540C0 /* Info.plist */,
			);
			path = ImagePicker;
			sourceTree = "<group>";
		};
		A35054121CEBE0F200C540C0 /* ImagePickerTests */ = {
			isa = PBXGroup;
			children = (
				A35054131CEBE0F200C540C0 /* ImagePickerTests.swift */,
				A35054151CEBE0F200C540C0 /* Info.plist */,
			);
			path = ImagePickerTests;
			sourceTree = "<group>";
		};
		A350541D1CEBE0F200C540C0 /* ImagePickerUITests */ = {
			isa = PBXGroup;
			children = (
				A350541E1CEBE0F200C540C0 /* ImagePickerUITests.swift */,
				A35054201CEBE0F200C540C0 /* Info.plist */,
			);
			path = ImagePickerUITests;
			sourceTree = "<group>";
		};
/* End PBXGroup section */

/* Begin PBXNativeTarget section */
		A35053FA1CEBE0F100C540C0 /* ImagePicker */ = {
			isa = PBXNativeTarget;
			buildConfigurationList = A35054231CEBE0F200C540C0 /* Build configuration list for PBXNativeTarget "ImagePicker" */;
			buildPhases = (
				A35053F71CEBE0F100C540C0 /* Sources */,
				A35053F81CEBE0F100C540C0 /* Frameworks */,
				A35053F91CEBE0F100C540C0 /* Resources */,
			);
			buildRules = (
			);
			dependencies = (
			);
			name = ImagePicker;
			productName = ImagePicker;
			productReference = A35053FB1CEBE0F100C540C0 /* ImagePicker.app */;
			productType = "com.apple.product-type.application";
		};
		A350540E1CEBE0F200C540C0 /* ImagePickerTests */ = {
			isa = PBXNativeTarget;
			buildConfigurationList = A35054261CEBE0F200C540C0 /* Build configuration list for PBXNativeTarget "ImagePickerTests" */;
			buildPhases = (
				A350540B1CEBE0F200C540C0 /* Sources */,
				A350540C1CEBE0F200C540C0 /* Frameworks */,
				A350540D1CEBE0F200C540C0 /* Resources */,
			);
			buildRules = (
			);
			dependencies = (
				A35054111CEBE0F200C540C0 /* PBXTargetDependency */,
			);
			name = ImagePickerTests;
			productName = ImagePickerTests;
			productReference = A350540F1CEBE0F200C540C0 /* ImagePickerTests.xctest */;
			productType = "com.apple.product-type.bundle.unit-test";
		};
		A35054191CEBE0F200C540C0 /* ImagePickerUITests */ = {
			isa = PBXNativeTarget;
			buildConfigurationList = A35054291CEBE0F200C540C0 /* Build configuration list for PBXNativeTarget "ImagePickerUITests" */;
			buildPhases = (
				A35054161CEBE0F200C540C0 /* Sources */,
				A35054171CEBE0F200C540C0 /* Frameworks */,
				A35054181CEBE0F200C540C0 /* Resources */,
			);
			buildRules = (
			);
			dependencies = (
				A350541C1CEBE0F200C540C0 /* PBXTargetDependency */,
			);
			name = ImagePickerUITests;
			productName = ImagePickerUITests;
			productReference = A350541A1CEBE0F200C540C0 /* ImagePickerUITests.xctest */;
			productType = "com.apple.product-type.bundle.ui-testing";
		};
/* End PBXNativeTarget section */

/* Begin PBXProject section */
		A35053F31CEBE0F100C540C0 /* Project object */ = {
			isa = PBXProject;
			attributes = {
				LastSwiftUpdateCheck = 0730;
				LastUpgradeCheck = 0730;
				ORGANIZATIONNAME = "Himanshu Pandey";
				TargetAttributes = {
					A35053FA1CEBE0F100C540C0 = {
						CreatedOnToolsVersion = 7.3.1;
					};
					A350540E1CEBE0F200C540C0 = {
						CreatedOnToolsVersion = 7.3.1;
						TestTargetID = A35053FA1CEBE0F100C540C0;
					};
					A35054191CEBE0F200C540C0 = {
						CreatedOnToolsVersion = 7.3.1;
						TestTargetID = A35053FA1CEBE0F100C540C0;
					};
				};
			};
			buildConfigurationList = A35053F61CEBE0F100C540C0 /* Build configuration list for PBXProject "ImagePicker" */;
			compatibilityVersion = "Xcode 3.2";
			developmentRegion = English;
			hasScannedForEncodings = 0;
			knownRegions = (
				en,
				Base,
			);
			mainGroup = A35053F21CEBE0F100C540C0;
			productRefGroup = A35053FC1CEBE0F100C540C0 /* Products */;
			projectDirPath = "";
			projectRoot = "";
			targets = (
				A35053FA1CEBE0F100C540C0 /* ImagePicker */,
				A350540E1CEBE0F200C540C0 /* ImagePickerTests */,
				A35054191CEBE0F200C540C0 /* ImagePickerUITests */,
			);
		};
/* End PBXProject section */

/* Begin PBXResourcesBuildPhase section */
		A35053F91CEBE0F100C540C0 /* Resources */ = {
			isa = PBXResourcesBuildPhase;
			buildActionMask = 2147483647;
			files = (
				A35054091CEBE0F200C540C0 /* LaunchScreen.storyboard in Resources */,
				A35054061CEBE0F200C540C0 /* Assets.xcassets in Resources */,
				A35054041CEBE0F200C540C0 /* Main.storyboard in Resources */,
			);
			runOnlyForDeploymentPostprocessing = 0;
		};
		A350540D1CEBE0F200C540C0 /* Resources */ = {
			isa = PBXResourcesBuildPhase;
			buildActionMask = 2147483647;
			files = (
			);
			runOnlyForDeploymentPostprocessing = 0;
		};
		A35054181CEBE0F200C540C0 /* Resources */ = {
			isa = PBXResourcesBuildPhase;
			buildActionMask = 2147483647;
			files = (
			);
			runOnlyForDeploymentPostprocessing = 0;
		};
/* End PBXResourcesBuildPhase section */

/* Begin PBXSourcesBuildPhase section */
		A35053F71CEBE0F100C540C0 /* Sources */ = {
			isa = PBXSourcesBuildPhase;
			buildActionMask = 2147483647;
			files = (
				A35054011CEBE0F200C540C0 /* ViewController.swift in Sources */,
				A35053FF1CEBE0F200C540C0 /* AppDelegate.swift in Sources */,
			);
			runOnlyForDeploymentPostprocessing = 0;
		};
		A350540B1CEBE0F200C540C0 /* Sources */ = {
			isa = PBXSourcesBuildPhase;
			buildActionMask = 2147483647;
			files = (
				A35054141CEBE0F200C540C0 /* ImagePickerTests.swift in Sources */,
			);
			runOnlyForDeploymentPostprocessing = 0;
		};
		A35054161CEBE0F200C540C0 /* Sources */ = {
			isa = PBXSourcesBuildPhase;
			buildActionMask = 2147483647;
			files = (
				A350541F1CEBE0F200C540C0 /* ImagePickerUITests.swift in Sources */,
			);
			runOnlyForDeploymentPostprocessing = 0;
		};
/* End PBXSourcesBuildPhase section */

/* Begin PBXTargetDependency section */
		A35054111CEBE0F200C540C0 /* PBXTargetDependency */ = {
			isa = PBXTargetDependency;
			target = A35053FA1CEBE0F100C540C0 /* ImagePicker */;
			targetProxy = A35054101CEBE0F200C540C0 /* PBXContainerItemProxy */;
		};
		A350541C1CEBE0F200C540C0 /* PBXTargetDependency */ = {
			isa = PBXTargetDependency;
			target = A35053FA1CEBE0F100C540C0 /* ImagePicker */;
			targetProxy = A350541B1CEBE0F200C540C0 /* PBXContainerItemProxy */;
		};
/* End PBXTargetDependency section */

/* Begin PBXVariantGroup section */
		A35054021CEBE0F200C540C0 /* Main.storyboard */ = {
			isa = PBXVariantGroup;
			children = (
				A35054031CEBE0F200C540C0 /* Base */,
			);
			name = Main.storyboard;
			sourceTree = "<group>";
		};
		A35054071CEBE0F200C540C0 /* LaunchScreen.storyboard */ = {
			isa = PBXVariantGroup;
			children = (
				A35054081CEBE0F200C540C0 /* Base */,
			);
			name = LaunchScreen.storyboard;
			sourceTree = "<group>";
		};
/* End PBXVariantGroup section */

/* Begin XCBuildConfiguration section */
		A35054211CEBE0F200C540C0 /* Debug */ = {
			isa = XCBuildConfiguration;
			buildSettings = {
				ALWAYS_SEARCH_USER_PATHS = NO;
				CLANG_ANALYZER_NONNULL = YES;
				CLANG_CXX_LANGUAGE_STANDARD = "gnu++0x";
				CLANG_CXX_LIBRARY = "libc++";
				CLANG_ENABLE_MODULES = YES;
				CLANG_ENABLE_OBJC_ARC = YES;
				CLANG_WARN_BOOL_CONVERSION = YES;
				CLANG_WARN_CONSTANT_CONVERSION = YES;
				CLANG_WARN_DIRECT_OBJC_ISA_USAGE = YES_ERROR;
				CLANG_WARN_EMPTY_BODY = YES;
				CLANG_WARN_ENUM_CONVERSION = YES;
				CLANG_WARN_INT_CONVERSION = YES;
				CLANG_WARN_OBJC_ROOT_CLASS = YES_ERROR;
				CLANG_WARN_UNREACHABLE_CODE = YES;
				CLANG_WARN__DUPLICATE_METHOD_MATCH = YES;
				"CODE_SIGN_IDENTITY[sdk=iphoneos*]" = "iPhone Developer";
				COPY_PHASE_STRIP = NO;
				DEBUG_INFORMATION_FORMAT = dwarf;
				ENABLE_STRICT_OBJC_MSGSEND = YES;
				ENABLE_TESTABILITY = YES;
				GCC_C_LANGUAGE_STANDARD = gnu99;
				GCC_DYNAMIC_NO_PIC = NO;
				GCC_NO_COMMON_BLOCKS = YES;
				GCC_OPTIMIZATION_LEVEL = 0;
				GCC_PREPROCESSOR_DEFINITIONS = (
					"DEBUG=1",
					"$(inherited)",
				);
				GCC_WARN_64_TO_32_BIT_CONVERSION = YES;
				GCC_WARN_ABOUT_RETURN_TYPE = YES_ERROR;
				GCC_WARN_UNDECLARED_SELECTOR = YES;
				GCC_WARN_UNINITIALIZED_AUTOS = YES_AGGRESSIVE;
				GCC_WARN_UNUSED_FUNCTION = YES;
				GCC_WARN_UNUSED_VARIABLE = YES;
				IPHONEOS_DEPLOYMENT_TARGET = 9.3;
				MTL_ENABLE_DEBUG_INFO = YES;
				ONLY_ACTIVE_ARCH = YES;
				SDKROOT = iphoneos;
				SWIFT_OPTIMIZATION_LEVEL = "-Onone";
				TARGETED_DEVICE_FAMILY = "1,2";
			};
			name = Debug;
		};
		A35054221CEBE0F200C540C0 /* Release */ = {
			isa = XCBuildConfiguration;
			buildSettings = {
				ALWAYS_SEARCH_USER_PATHS = NO;
				CLANG_ANALYZER_NONNULL = YES;
				CLANG_CXX_LANGUAGE_STANDARD = "gnu++0x";
				CLANG_CXX_LIBRARY = "libc++";
				CLANG_ENABLE_MODULES = YES;
				CLANG_ENABLE_OBJC_ARC = YES;
				CLANG_WARN_BOOL_CONVERSION = YES;
				CLANG_WARN_CONSTANT_CONVERSION = YES;
				CLANG_WARN_DIRECT_OBJC_ISA_USAGE = YES_ERROR;
				CLANG_WARN_EMPTY_BODY = YES;
				CLANG_WARN_ENUM_CONVERSION = YES;
				CLANG_WARN_INT_CONVERSION = YES;
				CLANG_WARN_OBJC_ROOT_CLASS = YES_ERROR;
				CLANG_WARN_UNREACHABLE_CODE = YES;
				CLANG_WARN__DUPLICATE_METHOD_MATCH = YES;
				"CODE_SIGN_IDENTITY[sdk=iphoneos*]" = "iPhone Developer";
				COPY_PHASE_STRIP = NO;
				DEBUG_INFORMATION_FORMAT = "dwarf-with-dsym";
				ENABLE_NS_ASSERTIONS = NO;
				ENABLE_STRICT_OBJC_MSGSEND = YES;
				GCC_C_LANGUAGE_STANDARD = gnu99;
				GCC_NO_COMMON_BLOCKS = YES;
				GCC_WARN_64_TO_32_BIT_CONVERSION = YES;
				GCC_WARN_ABOUT_RETURN_TYPE = YES_ERROR;
				GCC_WARN_UNDECLARED_SELECTOR = YES;
				GCC_WARN_UNINITIALIZED_AUTOS = YES_AGGRESSIVE;
				GCC_WARN_UNUSED_FUNCTION = YES;
				GCC_WARN_UNUSED_VARIABLE = YES;
				IPHONEOS_DEPLOYMENT_TARGET = 9.3;
				MTL_ENABLE_DEBUG_INFO = NO;
				SDKROOT = iphoneos;
				TARGETED_DEVICE_FAMILY = "1,2";
				VALIDATE_PRODUCT = YES;
			};
			name = Release;
		};
		A35054241CEBE0F200C540C0 /* Debug */ = {
			isa = XCBuildConfiguration;
			buildSettings = {
				ASSETCATALOG_COMPILER_APPICON_NAME = AppIcon;
				INFOPLIST_FILE = ImagePicker/Info.plist;
				LD_RUNPATH_SEARCH_PATHS = "$(inherited) @executable_path/Frameworks";
				PRODUCT_BUNDLE_IDENTIFIER = CBI.ImagePicker;
				PRODUCT_NAME = "$(TARGET_NAME)";
			};
			name = Debug;
		};
		A35054251CEBE0F200C540C0 /* Release */ = {
			isa = XCBuildConfiguration;
			buildSettings = {
				ASSETCATALOG_COMPILER_APPICON_NAME = AppIcon;
				INFOPLIST_FILE = ImagePicker/Info.plist;
				LD_RUNPATH_SEARCH_PATHS = "$(inherited) @executable_path/Frameworks";
				PRODUCT_BUNDLE_IDENTIFIER = CBI.ImagePicker;
				PRODUCT_NAME = "$(TARGET_NAME)";
			};
			name = Release;
		};
		A35054271CEBE0F200C540C0 /* Debug */ = {
			isa = XCBuildConfiguration;
			buildSettings = {
				BUNDLE_LOADER = "$(TEST_HOST)";
				INFOPLIST_FILE = ImagePickerTests/Info.plist;
				LD_RUNPATH_SEARCH_PATHS = "$(inherited) @executable_path/Frameworks @loader_path/Frameworks";
				PRODUCT_BUNDLE_IDENTIFIER = CBI.ImagePickerTests;
				PRODUCT_NAME = "$(TARGET_NAME)";
				TEST_HOST = "$(BUILT_PRODUCTS_DIR)/ImagePicker.app/ImagePicker";
			};
			name = Debug;
		};
		A35054281CEBE0F200C540C0 /* Release */ = {
			isa = XCBuildConfiguration;
			buildSettings = {
				BUNDLE_LOADER = "$(TEST_HOST)";
				INFOPLIST_FILE = ImagePickerTests/Info.plist;
				LD_RUNPATH_SEARCH_PATHS = "$(inherited) @executable_path/Frameworks @loader_path/Frameworks";
				PRODUCT_BUNDLE_IDENTIFIER = CBI.ImagePickerTests;
				PRODUCT_NAME = "$(TARGET_NAME)";
				TEST_HOST = "$(BUILT_PRODUCTS_DIR)/ImagePicker.app/ImagePicker";
			};
			name = Release;
		};
		A350542A1CEBE0F200C540C0 /* Debug */ = {
			isa = XCBuildConfiguration;
			buildSettings = {
				INFOPLIST_FILE = ImagePickerUITests/Info.plist;
				LD_RUNPATH_SEARCH_PATHS = "$(inherited) @executable_path/Frameworks @loader_path/Frameworks";
				PRODUCT_BUNDLE_IDENTIFIER = CBI.ImagePickerUITests;
				PRODUCT_NAME = "$(TARGET_NAME)";
				TEST_TARGET_NAME = ImagePicker;
			};
			name = Debug;
		};
		A350542B1CEBE0F200C540C0 /* Release */ = {
			isa = XCBuildConfiguration;
			buildSettings = {
				INFOPLIST_FILE = ImagePickerUITests/Info.plist;
				LD_RUNPATH_SEARCH_PATHS = "$(inherited) @executable_path/Frameworks @loader_path/Frameworks";
				PRODUCT_BUNDLE_IDENTIFIER = CBI.ImagePickerUITests;
				PRODUCT_NAME = "$(TARGET_NAME)";
				TEST_TARGET_NAME = ImagePicker;
			};
			name = Release;
		};
/* End XCBuildConfiguration section */

/* Begin XCConfigurationList section */
		A35053F61CEBE0F100C540C0 /* Build configuration list for PBXProject "ImagePicker" */ = {
			isa = XCConfigurationList;
			buildConfigurations = (
				A35054211CEBE0F200C540C0 /* Debug */,
				A35054221CEBE0F200C540C0 /* Release */,
			);
			defaultConfigurationIsVisible = 0;
			defaultConfigurationName = Release;
		};
		A35054231CEBE0F200C540C0 /* Build configuration list for PBXNativeTarget "ImagePicker" */ = {
			isa = XCConfigurationList;
			buildConfigurations = (
				A35054241CEBE0F200C540C0 /* Debug */,
				A35054251CEBE0F200C540C0 /* Release */,
			);
			defaultConfigurationIsVisible = 0;
		};
		A35054261CEBE0F200C540C0 /* Build configuration list for PBXNativeTarget "ImagePickerTests" */ = {
			isa = XCConfigurationList;
			buildConfigurations = (
				A35054271CEBE0F200C540C0 /* Debug */,
				A35054281CEBE0F200C540C0 /* Release */,
			);
			defaultConfigurationIsVisible = 0;
		};
		A35054291CEBE0F200C540C0 /* Build configuration list for PBXNativeTarget "ImagePickerUITests" */ = {
			isa = XCConfigurationList;
			buildConfigurations = (
				A350542A1CEBE0F200C540C0 /* Debug */,
				A350542B1CEBE0F200C540C0 /* Release */,
			);
			defaultConfigurationIsVisible = 0;
		};
/* End XCConfigurationList section */
	};
	rootObject = A35053F31CEBE0F100C540C0 /* Project object */;
}
