// !$*UTF8*$!
{
	archiveVersion = 1;
	classes = {
	};
	objectVersion = 46;
	objects = {

/* Begin PBXBuildFile section */
		A300B8A71D077A5500D12CCD /* Meme.swift in Sources */ = {isa = PBXBuildFile; fileRef = A300B8A61D077A5500D12CCD /* Meme.swift */; };
		A365567A1D02285E00CBFB72 /* AppDelegate.swift in Sources */ = {isa = PBXBuildFile; fileRef = A36556791D02285E00CBFB72 /* AppDelegate.swift */; };
		A365567C1D02285E00CBFB72 /* ViewController.swift in Sources */ = {isa = PBXBuildFile; fileRef = A365567B1D02285E00CBFB72 /* ViewController.swift */; };
		A365567F1D02285E00CBFB72 /* Main.storyboard in Resources */ = {isa = PBXBuildFile; fileRef = A365567D1D02285E00CBFB72 /* Main.storyboard */; };
		A36556841D02285E00CBFB72 /* LaunchScreen.storyboard in Resources */ = {isa = PBXBuildFile; fileRef = A36556821D02285E00CBFB72 /* LaunchScreen.storyboard */; };
		A365568F1D02285E00CBFB72 /* MemeMe.swift in Sources */ = {isa = PBXBuildFile; fileRef = A365568E1D02285E00CBFB72 /* MemeMe.swift */; };
		A38F76691D06268500A5D84A /* TextFieldDelegate.swift in Sources */ = {isa = PBXBuildFile; fileRef = A38F76681D06268500A5D84A /* TextFieldDelegate.swift */; };
/* End PBXBuildFile section */

/* Begin PBXContainerItemProxy section */
		A365568B1D02285E00CBFB72 /* PBXContainerItemProxy */ = {
			isa = PBXContainerItemProxy;
			containerPortal = A365566E1D02285E00CBFB72 /* Project object */;
			proxyType = 1;
			remoteGlobalIDString = A36556751D02285E00CBFB72;
			remoteInfo = ImagePicker2.0;
		};
		A36556961D02285E00CBFB72 /* PBXContainerItemProxy */ = {
			isa = PBXContainerItemProxy;
			containerPortal = A365566E1D02285E00CBFB72 /* Project object */;
			proxyType = 1;
			remoteGlobalIDString = A36556751D02285E00CBFB72;
			remoteInfo = ImagePicker2.0;
		};
/* End PBXContainerItemProxy section */

/* Begin PBXFileReference section */
		A300B8A61D077A5500D12CCD /* Meme.swift */ = {isa = PBXFileReference; fileEncoding = 4; lastKnownFileType = sourcecode.swift; path = Meme.swift; sourceTree = "<group>"; };
		A36556761D02285E00CBFB72 /* MemeMe1.0.app */ = {isa = PBXFileReference; explicitFileType = wrapper.application; includeInIndex = 0; path = MemeMe1.0.app; sourceTree = BUILT_PRODUCTS_DIR; };
		A36556791D02285E00CBFB72 /* AppDelegate.swift */ = {isa = PBXFileReference; lastKnownFileType = sourcecode.swift; path = AppDelegate.swift; sourceTree = "<group>"; };
		A365567B1D02285E00CBFB72 /* ViewController.swift */ = {isa = PBXFileReference; lastKnownFileType = sourcecode.swift; path = ViewController.swift; sourceTree = "<group>"; };
		A365567E1D02285E00CBFB72 /* Base */ = {isa = PBXFileReference; lastKnownFileType = file.storyboard; name = Base; path = Base.lproj/Main.storyboard; sourceTree = "<group>"; };
		A36556831D02285E00CBFB72 /* Base */ = {isa = PBXFileReference; lastKnownFileType = file.storyboard; name = Base; path = Base.lproj/LaunchScreen.storyboard; sourceTree = "<group>"; };
		A36556851D02285E00CBFB72 /* Info.plist */ = {isa = PBXFileReference; lastKnownFileType = text.plist.xml; path = Info.plist; sourceTree = "<group>"; };
		A365568A1D02285E00CBFB72 /* MemeMe1.0.xctest */ = {isa = PBXFileReference; explicitFileType = wrapper.cfbundle; includeInIndex = 0; path = MemeMe1.0.xctest; sourceTree = BUILT_PRODUCTS_DIR; };
		A365568E1D02285E00CBFB72 /* MemeMe.swift */ = {isa = PBXFileReference; lastKnownFileType = sourcecode.swift; path = MemeMe.swift; sourceTree = "<group>"; };
		A36556901D02285E00CBFB72 /* Info.plist */ = {isa = PBXFileReference; lastKnownFileType = text.plist.xml; path = Info.plist; sourceTree = "<group>"; };
		A36556951D02285E00CBFB72 /* MemeMe1.0.xctest */ = {isa = PBXFileReference; explicitFileType = wrapper.cfbundle; includeInIndex = 0; path = MemeMe1.0.xctest; sourceTree = BUILT_PRODUCTS_DIR; };
		A38F76681D06268500A5D84A /* TextFieldDelegate.swift */ = {isa = PBXFileReference; fileEncoding = 4; lastKnownFileType = sourcecode.swift; path = TextFieldDelegate.swift; sourceTree = "<group>"; };
/* End PBXFileReference section */

/* Begin PBXFrameworksBuildPhase section */
		A36556731D02285E00CBFB72 /* Frameworks */ = {
			isa = PBXFrameworksBuildPhase;
			buildActionMask = 2147483647;
			files = (
			);
			runOnlyForDeploymentPostprocessing = 0;
		};
		A36556871D02285E00CBFB72 /* Frameworks */ = {
			isa = PBXFrameworksBuildPhase;
			buildActionMask = 2147483647;
			files = (
			);
			runOnlyForDeploymentPostprocessing = 0;
		};
		A36556921D02285E00CBFB72 /* Frameworks */ = {
			isa = PBXFrameworksBuildPhase;
			buildActionMask = 2147483647;
			files = (
			);
			runOnlyForDeploymentPostprocessing = 0;
		};
/* End PBXFrameworksBuildPhase section */

/* Begin PBXGroup section */
		A365566D1D02285E00CBFB72 = {
			isa = PBXGroup;
			children = (
				A36556781D02285E00CBFB72 /* MemeMe1.0 */,
				A365568D1D02285E00CBFB72 /* MemeMe1.0 */,
				A36556771D02285E00CBFB72 /* Products */,
			);
			sourceTree = "<group>";
		};
		A36556771D02285E00CBFB72 /* Products */ = {
			isa = PBXGroup;
			children = (
				A36556761D02285E00CBFB72 /* MemeMe1.0.app */,
				A365568A1D02285E00CBFB72 /* MemeMe1.0.xctest */,
				A36556951D02285E00CBFB72 /* MemeMe1.0.xctest */,
			);
			name = Products;
			sourceTree = "<group>";
		};
		A36556781D02285E00CBFB72 /* MemeMe1.0 */ = {
			isa = PBXGroup;
			children = (
				A36556791D02285E00CBFB72 /* AppDelegate.swift */,
				A365567B1D02285E00CBFB72 /* ViewController.swift */,
				A365567D1D02285E00CBFB72 /* Main.storyboard */,
				A36556821D02285E00CBFB72 /* LaunchScreen.storyboard */,
				A36556851D02285E00CBFB72 /* Info.plist */,
				A38F76681D06268500A5D84A /* TextFieldDelegate.swift */,
				A300B8A61D077A5500D12CCD /* Meme.swift */,
			);
			name = MemeMe1.0;
			path = ImagePicker2.0;
			sourceTree = "<group>";
		};
		A365568D1D02285E00CBFB72 /* MemeMe1.0 */ = {
			isa = PBXGroup;
			children = (
				A365568E1D02285E00CBFB72 /* MemeMe.swift */,
				A36556901D02285E00CBFB72 /* Info.plist */,
			);
			name = MemeMe1.0;
			path = ImagePicker2.0Tests;
			sourceTree = "<group>";
		};
/* End PBXGroup section */

/* Begin PBXNativeTarget section */
		A36556751D02285E00CBFB72 /* MemeMe1.0 */ = {
			isa = PBXNativeTarget;
			buildConfigurationList = A365569E1D02285E00CBFB72 /* Build configuration list for PBXNativeTarget "MemeMe1.0" */;
			buildPhases = (
				A36556721D02285E00CBFB72 /* Sources */,
				A36556731D02285E00CBFB72 /* Frameworks */,
				A36556741D02285E00CBFB72 /* Resources */,
			);
			buildRules = (
			);
			dependencies = (
			);
			name = MemeMe1.0;
			productName = ImagePicker2.0;
			productReference = A36556761D02285E00CBFB72 /* MemeMe1.0.app */;
			productType = "com.apple.product-type.application";
		};
		A36556891D02285E00CBFB72 /* MemeMe1.0Tests */ = {
			isa = PBXNativeTarget;
			buildConfigurationList = A36556A11D02285E00CBFB72 /* Build configuration list for PBXNativeTarget "MemeMe1.0Tests" */;
			buildPhases = (
				A36556861D02285E00CBFB72 /* Sources */,
				A36556871D02285E00CBFB72 /* Frameworks */,
				A36556881D02285E00CBFB72 /* Resources */,
			);
			buildRules = (
			);
			dependencies = (
				A365568C1D02285E00CBFB72 /* PBXTargetDependency */,
			);
			name = MemeMe1.0Tests;
			productName = ImagePicker2.0Tests;
			productReference = A365568A1D02285E00CBFB72 /* MemeMe1.0.xctest */;
			productType = "com.apple.product-type.bundle.unit-test";
		};
		A36556941D02285E00CBFB72 /* MemeMe1.0UITests */ = {
			isa = PBXNativeTarget;
			buildConfigurationList = A36556A41D02285E00CBFB72 /* Build configuration list for PBXNativeTarget "MemeMe1.0UITests" */;
			buildPhases = (
				A36556911D02285E00CBFB72 /* Sources */,
				A36556921D02285E00CBFB72 /* Frameworks */,
				A36556931D02285E00CBFB72 /* Resources */,
			);
			buildRules = (
			);
			dependencies = (
				A36556971D02285E00CBFB72 /* PBXTargetDependency */,
			);
			name = MemeMe1.0UITests;
			productName = ImagePicker2.0UITests;
			productReference = A36556951D02285E00CBFB72 /* MemeMe1.0.xctest */;
			productType = "com.apple.product-type.bundle.ui-testing";
		};
/* End PBXNativeTarget section */

/* Begin PBXProject section */
		A365566E1D02285E00CBFB72 /* Project object */ = {
			isa = PBXProject;
			attributes = {
				LastSwiftUpdateCheck = 0730;
				LastUpgradeCheck = 0730;
				ORGANIZATIONNAME = "Himanshu Pandey";
				TargetAttributes = {
					A36556751D02285E00CBFB72 = {
						CreatedOnToolsVersion = 7.3.1;
					};
					A36556891D02285E00CBFB72 = {
						CreatedOnToolsVersion = 7.3.1;
						TestTargetID = A36556751D02285E00CBFB72;
					};
					A36556941D02285E00CBFB72 = {
						CreatedOnToolsVersion = 7.3.1;
						TestTargetID = A36556751D02285E00CBFB72;
					};
				};
			};
			buildConfigurationList = A36556711D02285E00CBFB72 /* Build configuration list for PBXProject "MemeMe" */;
			compatibilityVersion = "Xcode 3.2";
			developmentRegion = English;
			hasScannedForEncodings = 0;
			knownRegions = (
				en,
				Base,
			);
			mainGroup = A365566D1D02285E00CBFB72;
			productRefGroup = A36556771D02285E00CBFB72 /* Products */;
			projectDirPath = "";
			projectRoot = "";
			targets = (
				A36556751D02285E00CBFB72 /* MemeMe1.0 */,
				A36556891D02285E00CBFB72 /* MemeMe1.0Tests */,
				A36556941D02285E00CBFB72 /* MemeMe1.0UITests */,
			);
		};
/* End PBXProject section */

/* Begin PBXResourcesBuildPhase section */
		A36556741D02285E00CBFB72 /* Resources */ = {
			isa = PBXResourcesBuildPhase;
			buildActionMask = 2147483647;
			files = (
				A36556841D02285E00CBFB72 /* LaunchScreen.storyboard in Resources */,
				A365567F1D02285E00CBFB72 /* Main.storyboard in Resources */,
			);
			runOnlyForDeploymentPostprocessing = 0;
		};
		A36556881D02285E00CBFB72 /* Resources */ = {
			isa = PBXResourcesBuildPhase;
			buildActionMask = 2147483647;
			files = (
			);
			runOnlyForDeploymentPostprocessing = 0;
		};
		A36556931D02285E00CBFB72 /* Resources */ = {
			isa = PBXResourcesBuildPhase;
			buildActionMask = 2147483647;
			files = (
			);
			runOnlyForDeploymentPostprocessing = 0;
		};
/* End PBXResourcesBuildPhase section */

/* Begin PBXSourcesBuildPhase section */
		A36556721D02285E00CBFB72 /* Sources */ = {
			isa = PBXSourcesBuildPhase;
			buildActionMask = 2147483647;
			files = (
				A365567C1D02285E00CBFB72 /* ViewController.swift in Sources */,
				A300B8A71D077A5500D12CCD /* Meme.swift in Sources */,
				A365567A1D02285E00CBFB72 /* AppDelegate.swift in Sources */,
				A38F76691D06268500A5D84A /* TextFieldDelegate.swift in Sources */,
			);
			runOnlyForDeploymentPostprocessing = 0;
		};
		A36556861D02285E00CBFB72 /* Sources */ = {
			isa = PBXSourcesBuildPhase;
			buildActionMask = 2147483647;
			files = (
				A365568F1D02285E00CBFB72 /* MemeMe.swift in Sources */,
			);
			runOnlyForDeploymentPostprocessing = 0;
		};
		A36556911D02285E00CBFB72 /* Sources */ = {
			isa = PBXSourcesBuildPhase;
			buildActionMask = 2147483647;
			files = (
			);
			runOnlyForDeploymentPostprocessing = 0;
		};
/* End PBXSourcesBuildPhase section */

/* Begin PBXTargetDependency section */
		A365568C1D02285E00CBFB72 /* PBXTargetDependency */ = {
			isa = PBXTargetDependency;
			target = A36556751D02285E00CBFB72 /* MemeMe1.0 */;
			targetProxy = A365568B1D02285E00CBFB72 /* PBXContainerItemProxy */;
		};
		A36556971D02285E00CBFB72 /* PBXTargetDependency */ = {
			isa = PBXTargetDependency;
			target = A36556751D02285E00CBFB72 /* MemeMe1.0 */;
			targetProxy = A36556961D02285E00CBFB72 /* PBXContainerItemProxy */;
		};
/* End PBXTargetDependency section */

/* Begin PBXVariantGroup section */
		A365567D1D02285E00CBFB72 /* Main.storyboard */ = {
			isa = PBXVariantGroup;
			children = (
				A365567E1D02285E00CBFB72 /* Base */,
			);
			name = Main.storyboard;
			sourceTree = "<group>";
		};
		A36556821D02285E00CBFB72 /* LaunchScreen.storyboard */ = {
			isa = PBXVariantGroup;
			children = (
				A36556831D02285E00CBFB72 /* Base */,
			);
			name = LaunchScreen.storyboard;
			sourceTree = "<group>";
		};
/* End PBXVariantGroup section */

/* Begin XCBuildConfiguration section */
		A365569C1D02285E00CBFB72 /* Debug */ = {
			isa = XCBuildConfiguration;
			buildSettings = {
				ALWAYS_SEARCH_USER_PATHS = NO;
				CLANG_ANALYZER_NONNULL = YES;
				CLANG_CXX_LANGUAGE_STANDARD = "gnu++0x";
				CLANG_CXX_LIBRARY = "libc++";
				CLANG_ENABLE_MODULES = YES;
				CLANG_ENABLE_OBJC_ARC = YES;
				CLANG_WARN_BOOL_CONVERSION = YES;
				CLANG_WARN_CONSTANT_CONVERSION = YES;
				CLANG_WARN_DIRECT_OBJC_ISA_USAGE = YES_ERROR;
				CLANG_WARN_EMPTY_BODY = YES;
				CLANG_WARN_ENUM_CONVERSION = YES;
				CLANG_WARN_INT_CONVERSION = YES;
				CLANG_WARN_OBJC_ROOT_CLASS = YES_ERROR;
				CLANG_WARN_UNREACHABLE_CODE = YES;
				CLANG_WARN__DUPLICATE_METHOD_MATCH = YES;
				"CODE_SIGN_IDENTITY[sdk=iphoneos*]" = "iPhone Developer";
				COPY_PHASE_STRIP = NO;
				DEBUG_INFORMATION_FORMAT = dwarf;
				ENABLE_STRICT_OBJC_MSGSEND = YES;
				ENABLE_TESTABILITY = YES;
				GCC_C_LANGUAGE_STANDARD = gnu99;
				GCC_DYNAMIC_NO_PIC = NO;
				GCC_NO_COMMON_BLOCKS = YES;
				GCC_OPTIMIZATION_LEVEL = 0;
				GCC_PREPROCESSOR_DEFINITIONS = (
					"DEBUG=1",
					"$(inherited)",
				);
				GCC_WARN_64_TO_32_BIT_CONVERSION = YES;
				GCC_WARN_ABOUT_RETURN_TYPE = YES_ERROR;
				GCC_WARN_UNDECLARED_SELECTOR = YES;
				GCC_WARN_UNINITIALIZED_AUTOS = YES_AGGRESSIVE;
				GCC_WARN_UNUSED_FUNCTION = YES;
				GCC_WARN_UNUSED_VARIABLE = YES;
				IPHONEOS_DEPLOYMENT_TARGET = 9.3;
				MTL_ENABLE_DEBUG_INFO = YES;
				ONLY_ACTIVE_ARCH = YES;
				SDKROOT = iphoneos;
				SWIFT_OPTIMIZATION_LEVEL = "-Onone";
				TARGETED_DEVICE_FAMILY = "1,2";
			};
			name = Debug;
		};
		A365569D1D02285E00CBFB72 /* Release */ = {
			isa = XCBuildConfiguration;
			buildSettings = {
				ALWAYS_SEARCH_USER_PATHS = NO;
				CLANG_ANALYZER_NONNULL = YES;
				CLANG_CXX_LANGUAGE_STANDARD = "gnu++0x";
				CLANG_CXX_LIBRARY = "libc++";
				CLANG_ENABLE_MODULES = YES;
				CLANG_ENABLE_OBJC_ARC = YES;
				CLANG_WARN_BOOL_CONVERSION = YES;
				CLANG_WARN_CONSTANT_CONVERSION = YES;
				CLANG_WARN_DIRECT_OBJC_ISA_USAGE = YES_ERROR;
				CLANG_WARN_EMPTY_BODY = YES;
				CLANG_WARN_ENUM_CONVERSION = YES;
				CLANG_WARN_INT_CONVERSION = YES;
				CLANG_WARN_OBJC_ROOT_CLASS = YES_ERROR;
				CLANG_WARN_UNREACHABLE_CODE = YES;
				CLANG_WARN__DUPLICATE_METHOD_MATCH = YES;
				"CODE_SIGN_IDENTITY[sdk=iphoneos*]" = "iPhone Developer";
				COPY_PHASE_STRIP = NO;
				DEBUG_INFORMATION_FORMAT = "dwarf-with-dsym";
				ENABLE_NS_ASSERTIONS = NO;
				ENABLE_STRICT_OBJC_MSGSEND = YES;
				GCC_C_LANGUAGE_STANDARD = gnu99;
				GCC_NO_COMMON_BLOCKS = YES;
				GCC_WARN_64_TO_32_BIT_CONVERSION = YES;
				GCC_WARN_ABOUT_RETURN_TYPE = YES_ERROR;
				GCC_WARN_UNDECLARED_SELECTOR = YES;
				GCC_WARN_UNINITIALIZED_AUTOS = YES_AGGRESSIVE;
				GCC_WARN_UNUSED_FUNCTION = YES;
				GCC_WARN_UNUSED_VARIABLE = YES;
				IPHONEOS_DEPLOYMENT_TARGET = 9.3;
				MTL_ENABLE_DEBUG_INFO = NO;
				SDKROOT = iphoneos;
				TARGETED_DEVICE_FAMILY = "1,2";
				VALIDATE_PRODUCT = YES;
			};
			name = Release;
		};
		A365569F1D02285E00CBFB72 /* Debug */ = {
			isa = XCBuildConfiguration;
			buildSettings = {
				ASSETCATALOG_COMPILER_APPICON_NAME = AppIcon;
				INFOPLIST_FILE = ImagePicker2.0/Info.plist;
				LD_RUNPATH_SEARCH_PATHS = "$(inherited) @executable_path/Frameworks";
				PRODUCT_BUNDLE_IDENTIFIER = "CBI.ImagePicker2-0";
				PRODUCT_NAME = MemeMe1.0;
			};
			name = Debug;
		};
		A36556A01D02285E00CBFB72 /* Release */ = {
			isa = XCBuildConfiguration;
			buildSettings = {
				ASSETCATALOG_COMPILER_APPICON_NAME = AppIcon;
				INFOPLIST_FILE = ImagePicker2.0/Info.plist;
				LD_RUNPATH_SEARCH_PATHS = "$(inherited) @executable_path/Frameworks";
				PRODUCT_BUNDLE_IDENTIFIER = "CBI.ImagePicker2-0";
				PRODUCT_NAME = MemeMe1.0;
			};
			name = Release;
		};
		A36556A21D02285E00CBFB72 /* Debug */ = {
			isa = XCBuildConfiguration;
			buildSettings = {
				BUNDLE_LOADER = "$(TEST_HOST)";
				INFOPLIST_FILE = ImagePicker2.0Tests/Info.plist;
				LD_RUNPATH_SEARCH_PATHS = "$(inherited) @executable_path/Frameworks @loader_path/Frameworks";
				PRODUCT_BUNDLE_IDENTIFIER = "CBI.ImagePicker2-0Tests";
				PRODUCT_NAME = MemeMe1.0;
				TEST_HOST = "$(BUILT_PRODUCTS_DIR)/MemeMe1.0.app/MemeMe1.0";
			};
			name = Debug;
		};
		A36556A31D02285E00CBFB72 /* Release */ = {
			isa = XCBuildConfiguration;
			buildSettings = {
				BUNDLE_LOADER = "$(TEST_HOST)";
				INFOPLIST_FILE = ImagePicker2.0Tests/Info.plist;
				LD_RUNPATH_SEARCH_PATHS = "$(inherited) @executable_path/Frameworks @loader_path/Frameworks";
				PRODUCT_BUNDLE_IDENTIFIER = "CBI.ImagePicker2-0Tests";
				PRODUCT_NAME = MemeMe1.0;
				TEST_HOST = "$(BUILT_PRODUCTS_DIR)/MemeMe1.0.app/MemeMe1.0";
			};
			name = Release;
		};
		A36556A51D02285E00CBFB72 /* Debug */ = {
			isa = XCBuildConfiguration;
			buildSettings = {
				INFOPLIST_FILE = ImagePicker2.0UITests/Info.plist;
				LD_RUNPATH_SEARCH_PATHS = "$(inherited) @executable_path/Frameworks @loader_path/Frameworks";
				PRODUCT_BUNDLE_IDENTIFIER = "CBI.ImagePicker2-0UITests";
				PRODUCT_NAME = MemeMe1.0;
				TEST_TARGET_NAME = ImagePicker2.0;
			};
			name = Debug;
		};
		A36556A61D02285E00CBFB72 /* Release */ = {
			isa = XCBuildConfiguration;
			buildSettings = {
				INFOPLIST_FILE = ImagePicker2.0UITests/Info.plist;
				LD_RUNPATH_SEARCH_PATHS = "$(inherited) @executable_path/Frameworks @loader_path/Frameworks";
				PRODUCT_BUNDLE_IDENTIFIER = "CBI.ImagePicker2-0UITests";
				PRODUCT_NAME = MemeMe1.0;
				TEST_TARGET_NAME = ImagePicker2.0;
			};
			name = Release;
		};
/* End XCBuildConfiguration section */

/* Begin XCConfigurationList section */
		A36556711D02285E00CBFB72 /* Build configuration list for PBXProject "MemeMe" */ = {
			isa = XCConfigurationList;
			buildConfigurations = (
				A365569C1D02285E00CBFB72 /* Debug */,
				A365569D1D02285E00CBFB72 /* Release */,
			);
			defaultConfigurationIsVisible = 0;
			defaultConfigurationName = Release;
		};
		A365569E1D02285E00CBFB72 /* Build configuration list for PBXNativeTarget "MemeMe1.0" */ = {
			isa = XCConfigurationList;
			buildConfigurations = (
				A365569F1D02285E00CBFB72 /* Debug */,
				A36556A01D02285E00CBFB72 /* Release */,
			);
			defaultConfigurationIsVisible = 0;
			defaultConfigurationName = Release;
		};
		A36556A11D02285E00CBFB72 /* Build configuration list for PBXNativeTarget "MemeMe1.0Tests" */ = {
			isa = XCConfigurationList;
			buildConfigurations = (
				A36556A21D02285E00CBFB72 /* Debug */,
				A36556A31D02285E00CBFB72 /* Release */,
			);
			defaultConfigurationIsVisible = 0;
			defaultConfigurationName = Release;
		};
		A36556A41D02285E00CBFB72 /* Build configuration list for PBXNativeTarget "MemeMe1.0UITests" */ = {
			isa = XCConfigurationList;
			buildConfigurations = (
				A36556A51D02285E00CBFB72 /* Debug */,
				A36556A61D02285E00CBFB72 /* Release */,
			);
			defaultConfigurationIsVisible = 0;
			defaultConfigurationName = Release;
		};
/* End XCConfigurationList section */
	};
	rootObject = A365566E1D02285E00CBFB72 /* Project object */;
}
